
Microsoft Visual Studio Solution File, Format Version 12.00
# Visual Studio 15
VisualStudioVersion = 15.0.27703.2000
MinimumVisualStudioVersion = 10.0.40219.1
Project("{FAE04EC0-301F-11D3-BF4B-00C04F79EFBC}") = "1117-ScoreValidation", "1117-ScoreValidation\1117-ScoreValidation.csproj", "{0FD836AB-335B-4181-A5DD-7601BA0A02D3}"
EndProject
Global
	GlobalSection(SolutionConfigurationPlatforms) = preSolution
		Debug|Any CPU = Debug|Any CPU
		Release|Any CPU = Release|Any CPU
	EndGlobalSection
	GlobalSection(ProjectConfigurationPlatforms) = postSolution
		{0FD836AB-335B-4181-A5DD-7601BA0A02D3}.Debug|Any CPU.ActiveCfg = Debug|Any CPU
		{0FD836AB-335B-4181-A5DD-7601BA0A02D3}.Debug|Any CPU.Build.0 = Debug|Any CPU
		{0FD836AB-335B-4181-A5DD-7601BA0A02D3}.Release|Any CPU.ActiveCfg = Release|Any CPU
		{0FD836AB-335B-4181-A5DD-7601BA0A02D3}.Release|Any CPU.Build.0 = Release|Any CPU
	EndGlobalSection
	GlobalSection(SolutionProperties) = preSolution
		HideSolutionNode = FALSE
	EndGlobalSection
	GlobalSection(ExtensibilityGlobals) = postSolution
		SolutionGuid = {8D78AD9F-6ED2-4C89-991B-F0336958CCEA}
	EndGlobalSection
EndGlobal
