
Microsoft Visual Studio Solution File, Format Version 12.00
# Visual Studio 15
VisualStudioVersion = 15.0.27130.2036
MinimumVisualStudioVersion = 10.0.40219.1
Project("{FAE04EC0-301F-11D3-BF4B-00C04F79EFBC}") = "1046-GameTime", "1046-GameTime\1046-GameTime.csproj", "{7056E083-7B12-4630-92A0-AE36BE219B87}"
EndProject
Global
	GlobalSection(SolutionConfigurationPlatforms) = preSolution
		Debug|Any CPU = Debug|Any CPU
		Release|Any CPU = Release|Any CPU
	EndGlobalSection
	GlobalSection(ProjectConfigurationPlatforms) = postSolution
		{7056E083-7B12-4630-92A0-AE36BE219B87}.Debug|Any CPU.ActiveCfg = Debug|Any CPU
		{7056E083-7B12-4630-92A0-AE36BE219B87}.Debug|Any CPU.Build.0 = Debug|Any CPU
		{7056E083-7B12-4630-92A0-AE36BE219B87}.Release|Any CPU.ActiveCfg = Release|Any CPU
		{7056E083-7B12-4630-92A0-AE36BE219B87}.Release|Any CPU.Build.0 = Release|Any CPU
	EndGlobalSection
	GlobalSection(SolutionProperties) = preSolution
		HideSolutionNode = FALSE
	EndGlobalSection
	GlobalSection(ExtensibilityGlobals) = postSolution
		SolutionGuid = {0444E8C8-FED4-48D4-A972-DE04A2BB1812}
	EndGlobalSection
EndGlobal
