
Microsoft Visual Studio Solution File, Format Version 12.00
# Visual Studio 15
VisualStudioVersion = 15.0.27004.2006
MinimumVisualStudioVersion = 10.0.40219.1
Project("{FAE04EC0-301F-11D3-BF4B-00C04F79EFBC}") = "1005-Average1", "1005-Average1\1005-Average1.csproj", "{EB7380B8-1385-469C-8C98-99F0D9BAE5D5}"
EndProject
Global
	GlobalSection(SolutionConfigurationPlatforms) = preSolution
		Debug|Any CPU = Debug|Any CPU
		Release|Any CPU = Release|Any CPU
	EndGlobalSection
	GlobalSection(ProjectConfigurationPlatforms) = postSolution
		{EB7380B8-1385-469C-8C98-99F0D9BAE5D5}.Debug|Any CPU.ActiveCfg = Debug|Any CPU
		{EB7380B8-1385-469C-8C98-99F0D9BAE5D5}.Debug|Any CPU.Build.0 = Debug|Any CPU
		{EB7380B8-1385-469C-8C98-99F0D9BAE5D5}.Release|Any CPU.ActiveCfg = Release|Any CPU
		{EB7380B8-1385-469C-8C98-99F0D9BAE5D5}.Release|Any CPU.Build.0 = Release|Any CPU
	EndGlobalSection
	GlobalSection(SolutionProperties) = preSolution
		HideSolutionNode = FALSE
	EndGlobalSection
	GlobalSection(ExtensibilityGlobals) = postSolution
		SolutionGuid = {358BC2AF-DE70-4774-8747-820136893395}
	EndGlobalSection
EndGlobal
