
Microsoft Visual Studio Solution File, Format Version 12.00
# Visual Studio 15
VisualStudioVersion = 15.0.27703.2000
MinimumVisualStudioVersion = 10.0.40219.1
Project("{FAE04EC0-301F-11D3-BF4B-00C04F79EFBC}") = "1097-SequenceIJ3", "1097-SequenceIJ3\1097-SequenceIJ3.csproj", "{D6481423-67F7-4687-AECE-144CF70212FD}"
EndProject
Global
	GlobalSection(SolutionConfigurationPlatforms) = preSolution
		Debug|Any CPU = Debug|Any CPU
		Release|Any CPU = Release|Any CPU
	EndGlobalSection
	GlobalSection(ProjectConfigurationPlatforms) = postSolution
		{D6481423-67F7-4687-AECE-144CF70212FD}.Debug|Any CPU.ActiveCfg = Debug|Any CPU
		{D6481423-67F7-4687-AECE-144CF70212FD}.Debug|Any CPU.Build.0 = Debug|Any CPU
		{D6481423-67F7-4687-AECE-144CF70212FD}.Release|Any CPU.ActiveCfg = Release|Any CPU
		{D6481423-67F7-4687-AECE-144CF70212FD}.Release|Any CPU.Build.0 = Release|Any CPU
	EndGlobalSection
	GlobalSection(SolutionProperties) = preSolution
		HideSolutionNode = FALSE
	EndGlobalSection
	GlobalSection(ExtensibilityGlobals) = postSolution
		SolutionGuid = {DECE0E55-2E3A-4473-8BC1-F35477813578}
	EndGlobalSection
EndGlobal
