
Microsoft Visual Studio Solution File, Format Version 12.00
# Visual Studio 15
VisualStudioVersion = 15.0.27703.2000
MinimumVisualStudioVersion = 10.0.40219.1
Project("{FAE04EC0-301F-11D3-BF4B-00C04F79EFBC}") = "1098-SequenceIJ4", "1098-SequenceIJ4\1098-SequenceIJ4.csproj", "{704497FB-6A5A-4E50-B444-A7378BB7D6DB}"
EndProject
Global
	GlobalSection(SolutionConfigurationPlatforms) = preSolution
		Debug|Any CPU = Debug|Any CPU
		Release|Any CPU = Release|Any CPU
	EndGlobalSection
	GlobalSection(ProjectConfigurationPlatforms) = postSolution
		{704497FB-6A5A-4E50-B444-A7378BB7D6DB}.Debug|Any CPU.ActiveCfg = Debug|Any CPU
		{704497FB-6A5A-4E50-B444-A7378BB7D6DB}.Debug|Any CPU.Build.0 = Debug|Any CPU
		{704497FB-6A5A-4E50-B444-A7378BB7D6DB}.Release|Any CPU.ActiveCfg = Release|Any CPU
		{704497FB-6A5A-4E50-B444-A7378BB7D6DB}.Release|Any CPU.Build.0 = Release|Any CPU
	EndGlobalSection
	GlobalSection(SolutionProperties) = preSolution
		HideSolutionNode = FALSE
	EndGlobalSection
	GlobalSection(ExtensibilityGlobals) = postSolution
		SolutionGuid = {63E6FAF2-B5E4-4286-B017-6B5FF1CF9C2D}
	EndGlobalSection
EndGlobal
