
Microsoft Visual Studio Solution File, Format Version 12.00
# Visual Studio 15
VisualStudioVersion = 15.0.27703.2000
MinimumVisualStudioVersion = 10.0.40219.1
Project("{FAE04EC0-301F-11D3-BF4B-00C04F79EFBC}") = "1118-SeveralScoresWithValidation", "1118-SeveralScoresWithValidation\1118-SeveralScoresWithValidation.csproj", "{896F7D2D-1A12-4115-A160-4017A796B19E}"
EndProject
Global
	GlobalSection(SolutionConfigurationPlatforms) = preSolution
		Debug|Any CPU = Debug|Any CPU
		Release|Any CPU = Release|Any CPU
	EndGlobalSection
	GlobalSection(ProjectConfigurationPlatforms) = postSolution
		{896F7D2D-1A12-4115-A160-4017A796B19E}.Debug|Any CPU.ActiveCfg = Debug|Any CPU
		{896F7D2D-1A12-4115-A160-4017A796B19E}.Debug|Any CPU.Build.0 = Debug|Any CPU
		{896F7D2D-1A12-4115-A160-4017A796B19E}.Release|Any CPU.ActiveCfg = Release|Any CPU
		{896F7D2D-1A12-4115-A160-4017A796B19E}.Release|Any CPU.Build.0 = Release|Any CPU
	EndGlobalSection
	GlobalSection(SolutionProperties) = preSolution
		HideSolutionNode = FALSE
	EndGlobalSection
	GlobalSection(ExtensibilityGlobals) = postSolution
		SolutionGuid = {14B05700-0074-49F2-AFF9-FE466E565850}
	EndGlobalSection
EndGlobal
