
Microsoft Visual Studio Solution File, Format Version 12.00
# Visual Studio 15
VisualStudioVersion = 15.0.27703.2000
MinimumVisualStudioVersion = 10.0.40219.1
Project("{FAE04EC0-301F-11D3-BF4B-00C04F79EFBC}") = "1116-DividingXByY", "1116-DividingXByY\1116-DividingXByY.csproj", "{7B2D424A-3AD8-49BA-AD36-B07113C47319}"
EndProject
Global
	GlobalSection(SolutionConfigurationPlatforms) = preSolution
		Debug|Any CPU = Debug|Any CPU
		Release|Any CPU = Release|Any CPU
	EndGlobalSection
	GlobalSection(ProjectConfigurationPlatforms) = postSolution
		{7B2D424A-3AD8-49BA-AD36-B07113C47319}.Debug|Any CPU.ActiveCfg = Debug|Any CPU
		{7B2D424A-3AD8-49BA-AD36-B07113C47319}.Debug|Any CPU.Build.0 = Debug|Any CPU
		{7B2D424A-3AD8-49BA-AD36-B07113C47319}.Release|Any CPU.ActiveCfg = Release|Any CPU
		{7B2D424A-3AD8-49BA-AD36-B07113C47319}.Release|Any CPU.Build.0 = Release|Any CPU
	EndGlobalSection
	GlobalSection(SolutionProperties) = preSolution
		HideSolutionNode = FALSE
	EndGlobalSection
	GlobalSection(ExtensibilityGlobals) = postSolution
		SolutionGuid = {08374C4B-47A8-4C9A-92AE-D2923B432867}
	EndGlobalSection
EndGlobal
