
Microsoft Visual Studio Solution File, Format Version 12.00
# Visual Studio 15
VisualStudioVersion = 15.0.27004.2006
MinimumVisualStudioVersion = 10.0.40219.1
Project("{FAE04EC0-301F-11D3-BF4B-00C04F79EFBC}") = "1015-Distance_between_two_points", "1015-Distance_between_two_points\1015-Distance_between_two_points.csproj", "{62727AB0-01F9-4333-A0D7-A9FC30FF8559}"
EndProject
Global
	GlobalSection(SolutionConfigurationPlatforms) = preSolution
		Debug|Any CPU = Debug|Any CPU
		Release|Any CPU = Release|Any CPU
	EndGlobalSection
	GlobalSection(ProjectConfigurationPlatforms) = postSolution
		{62727AB0-01F9-4333-A0D7-A9FC30FF8559}.Debug|Any CPU.ActiveCfg = Debug|Any CPU
		{62727AB0-01F9-4333-A0D7-A9FC30FF8559}.Debug|Any CPU.Build.0 = Debug|Any CPU
		{62727AB0-01F9-4333-A0D7-A9FC30FF8559}.Release|Any CPU.ActiveCfg = Release|Any CPU
		{62727AB0-01F9-4333-A0D7-A9FC30FF8559}.Release|Any CPU.Build.0 = Release|Any CPU
	EndGlobalSection
	GlobalSection(SolutionProperties) = preSolution
		HideSolutionNode = FALSE
	EndGlobalSection
	GlobalSection(ExtensibilityGlobals) = postSolution
		SolutionGuid = {8EF144B0-A2E6-4EE2-B821-A3388BCF3C86}
	EndGlobalSection
EndGlobal
