
Microsoft Visual Studio Solution File, Format Version 12.00
# Visual Studio 15
VisualStudioVersion = 15.0.27703.2000
MinimumVisualStudioVersion = 10.0.40219.1
Project("{FAE04EC0-301F-11D3-BF4B-00C04F79EFBC}") = "1132-MultiplesOf13", "1132-MultiplesOf13\1132-MultiplesOf13.csproj", "{DEA148DF-4C14-489C-9A69-12B66D6383A3}"
EndProject
Global
	GlobalSection(SolutionConfigurationPlatforms) = preSolution
		Debug|Any CPU = Debug|Any CPU
		Release|Any CPU = Release|Any CPU
	EndGlobalSection
	GlobalSection(ProjectConfigurationPlatforms) = postSolution
		{DEA148DF-4C14-489C-9A69-12B66D6383A3}.Debug|Any CPU.ActiveCfg = Debug|Any CPU
		{DEA148DF-4C14-489C-9A69-12B66D6383A3}.Debug|Any CPU.Build.0 = Debug|Any CPU
		{DEA148DF-4C14-489C-9A69-12B66D6383A3}.Release|Any CPU.ActiveCfg = Release|Any CPU
		{DEA148DF-4C14-489C-9A69-12B66D6383A3}.Release|Any CPU.Build.0 = Release|Any CPU
	EndGlobalSection
	GlobalSection(SolutionProperties) = preSolution
		HideSolutionNode = FALSE
	EndGlobalSection
	GlobalSection(ExtensibilityGlobals) = postSolution
		SolutionGuid = {01E4AEBD-3944-430E-B876-08F9D562F246}
	EndGlobalSection
EndGlobal
