
Microsoft Visual Studio Solution File, Format Version 12.00
# Visual Studio 15
VisualStudioVersion = 15.0.27130.2036
MinimumVisualStudioVersion = 10.0.40219.1
Project("{FAE04EC0-301F-11D3-BF4B-00C04F79EFBC}") = "1044-Multiples", "1044-Multiples\1044-Multiples.csproj", "{AEE733C5-DFE5-4DE9-907F-039E06267C04}"
EndProject
Global
	GlobalSection(SolutionConfigurationPlatforms) = preSolution
		Debug|Any CPU = Debug|Any CPU
		Release|Any CPU = Release|Any CPU
	EndGlobalSection
	GlobalSection(ProjectConfigurationPlatforms) = postSolution
		{AEE733C5-DFE5-4DE9-907F-039E06267C04}.Debug|Any CPU.ActiveCfg = Debug|Any CPU
		{AEE733C5-DFE5-4DE9-907F-039E06267C04}.Debug|Any CPU.Build.0 = Debug|Any CPU
		{AEE733C5-DFE5-4DE9-907F-039E06267C04}.Release|Any CPU.ActiveCfg = Release|Any CPU
		{AEE733C5-DFE5-4DE9-907F-039E06267C04}.Release|Any CPU.Build.0 = Release|Any CPU
	EndGlobalSection
	GlobalSection(SolutionProperties) = preSolution
		HideSolutionNode = FALSE
	EndGlobalSection
	GlobalSection(ExtensibilityGlobals) = postSolution
		SolutionGuid = {A1F66BD3-DC5E-4BF0-9E82-C369650C504E}
	EndGlobalSection
EndGlobal
