
Microsoft Visual Studio Solution File, Format Version 12.00
# Visual Studio 15
VisualStudioVersion = 15.0.27004.2006
MinimumVisualStudioVersion = 10.0.40219.1
Project("{FAE04EC0-301F-11D3-BF4B-00C04F79EFBC}") = "1020-Age_in_Days", "1020-Age_in_Days\1020-Age_in_Days.csproj", "{28B7F098-7DC9-46BA-A015-6CFD942B5CF3}"
EndProject
Global
	GlobalSection(SolutionConfigurationPlatforms) = preSolution
		Debug|Any CPU = Debug|Any CPU
		Release|Any CPU = Release|Any CPU
	EndGlobalSection
	GlobalSection(ProjectConfigurationPlatforms) = postSolution
		{28B7F098-7DC9-46BA-A015-6CFD942B5CF3}.Debug|Any CPU.ActiveCfg = Debug|Any CPU
		{28B7F098-7DC9-46BA-A015-6CFD942B5CF3}.Debug|Any CPU.Build.0 = Debug|Any CPU
		{28B7F098-7DC9-46BA-A015-6CFD942B5CF3}.Release|Any CPU.ActiveCfg = Release|Any CPU
		{28B7F098-7DC9-46BA-A015-6CFD942B5CF3}.Release|Any CPU.Build.0 = Release|Any CPU
	EndGlobalSection
	GlobalSection(SolutionProperties) = preSolution
		HideSolutionNode = FALSE
	EndGlobalSection
	GlobalSection(ExtensibilityGlobals) = postSolution
		SolutionGuid = {BB3B502F-609C-47DC-85C6-9356ED71B4B0}
	EndGlobalSection
EndGlobal
