
Microsoft Visual Studio Solution File, Format Version 12.00
# Visual Studio 15
VisualStudioVersion = 15.0.28307.168
MinimumVisualStudioVersion = 10.0.40219.1
Project("{FAE04EC0-301F-11D3-BF4B-00C04F79EFBC}") = "1149-SummingConsecutiveIntegers", "1149-SummingConsecutiveIntegers\1149-SummingConsecutiveIntegers.csproj", "{93CA0EF8-DEB2-4800-8102-6DF0AEB5CB59}"
EndProject
Global
	GlobalSection(SolutionConfigurationPlatforms) = preSolution
		Debug|Any CPU = Debug|Any CPU
		Release|Any CPU = Release|Any CPU
	EndGlobalSection
	GlobalSection(ProjectConfigurationPlatforms) = postSolution
		{93CA0EF8-DEB2-4800-8102-6DF0AEB5CB59}.Debug|Any CPU.ActiveCfg = Debug|Any CPU
		{93CA0EF8-DEB2-4800-8102-6DF0AEB5CB59}.Debug|Any CPU.Build.0 = Debug|Any CPU
		{93CA0EF8-DEB2-4800-8102-6DF0AEB5CB59}.Release|Any CPU.ActiveCfg = Release|Any CPU
		{93CA0EF8-DEB2-4800-8102-6DF0AEB5CB59}.Release|Any CPU.Build.0 = Release|Any CPU
	EndGlobalSection
	GlobalSection(SolutionProperties) = preSolution
		HideSolutionNode = FALSE
	EndGlobalSection
	GlobalSection(ExtensibilityGlobals) = postSolution
		SolutionGuid = {5B6F3FE2-A837-40CE-A306-3DCF52A1E8F7}
	EndGlobalSection
EndGlobal
