
Microsoft Visual Studio Solution File, Format Version 12.00
# Visual Studio 15
VisualStudioVersion = 15.0.27703.2000
MinimumVisualStudioVersion = 10.0.40219.1
Project("{FAE04EC0-301F-11D3-BF4B-00C04F79EFBC}") = "1067-OddNumbers", "1067-OddNumbers\1067-OddNumbers.csproj", "{D0B93150-4ED8-4E69-9C56-D575CB6414FD}"
EndProject
Global
	GlobalSection(SolutionConfigurationPlatforms) = preSolution
		Debug|Any CPU = Debug|Any CPU
		Release|Any CPU = Release|Any CPU
	EndGlobalSection
	GlobalSection(ProjectConfigurationPlatforms) = postSolution
		{D0B93150-4ED8-4E69-9C56-D575CB6414FD}.Debug|Any CPU.ActiveCfg = Debug|Any CPU
		{D0B93150-4ED8-4E69-9C56-D575CB6414FD}.Debug|Any CPU.Build.0 = Debug|Any CPU
		{D0B93150-4ED8-4E69-9C56-D575CB6414FD}.Release|Any CPU.ActiveCfg = Release|Any CPU
		{D0B93150-4ED8-4E69-9C56-D575CB6414FD}.Release|Any CPU.Build.0 = Release|Any CPU
	EndGlobalSection
	GlobalSection(SolutionProperties) = preSolution
		HideSolutionNode = FALSE
	EndGlobalSection
	GlobalSection(ExtensibilityGlobals) = postSolution
		SolutionGuid = {F166D0DF-111B-4B0B-9CED-573A89F53FC5}
	EndGlobalSection
EndGlobal
